
Microsoft Visual Studio Solution File, Format Version 12.00
# Visual Studio Version 16
VisualStudioVersion = 16.0.29613.14
MinimumVisualStudioVersion = 10.0.40219.1
Project("{FAE04EC0-301F-11D3-BF4B-00C04F79EFBC}") = "VS2019ThemeGray", "VS2019ThemeGray.csproj", "{F58BEA3C-D71F-44DE-82E9-9FDD492EB979}"
EndProject
Global
	GlobalSection(SolutionConfigurationPlatforms) = preSolution
		Debug|Any CPU = Debug|Any CPU
		Release|Any CPU = Release|Any CPU
	EndGlobalSection
	GlobalSection(ProjectConfigurationPlatforms) = postSolution
		{F58BEA3C-D71F-44DE-82E9-9FDD492EB979}.Debug|Any CPU.ActiveCfg = Debug|Any CPU
		{F58BEA3C-D71F-44DE-82E9-9FDD492EB979}.Debug|Any CPU.Build.0 = Debug|Any CPU
		{F58BEA3C-D71F-44DE-82E9-9FDD492EB979}.Release|Any CPU.ActiveCfg = Release|Any CPU
		{F58BEA3C-D71F-44DE-82E9-9FDD492EB979}.Release|Any CPU.Build.0 = Release|Any CPU
	EndGlobalSection
	GlobalSection(SolutionProperties) = preSolution
		HideSolutionNode = FALSE
	EndGlobalSection
	GlobalSection(ExtensibilityGlobals) = postSolution
		SolutionGuid = {1D53B123-ACA6-4167-960E-74FA12C0A85C}
	EndGlobalSection
EndGlobal
